
Microsoft Visual Studio Solution File, Format Version 12.00
# Visual Studio 2012
Project("{FAE04EC0-301F-11D3-BF4B-00C04F79EFBC}") = "ParsecSharp", "ParsecSharp\ParsecSharp.csproj", "{832ED56A-E9C3-462C-AE3A-8E8C3B6B3FCD}"
EndProject
Project("{FAE04EC0-301F-11D3-BF4B-00C04F79EFBC}") = "ParsecSharp.Tests", "ParsecSharp.Tests\ParsecSharp.Tests.csproj", "{49AB8441-F6E0-4C79-8ED6-9655F040BB9D}"
EndProject
Project("{2150E333-8FDC-42A3-9474-1A3956D46DE8}") = "Examples", "Examples", "{922363E4-03CA-40E0-B023-13C6395410B2}"
EndProject
Project("{FAE04EC0-301F-11D3-BF4B-00C04F79EFBC}") = "PasswordGenerator", "Examples\PasswordGenerator\PasswordGenerator.csproj", "{25309087-0239-46F6-92E7-B695EEDE7B75}"
EndProject
Project("{FAE04EC0-301F-11D3-BF4B-00C04F79EFBC}") = "BNF", "Examples\BNF\BNF.csproj", "{DAF69528-FB94-4F68-9B7F-B40F53BF6107}"
EndProject
Project("{FAE04EC0-301F-11D3-BF4B-00C04F79EFBC}") = "Json", "Examples\Json\Json.csproj", "{A70811C0-8933-4311-9BFB-0EC1F0C2E4A6}"
EndProject
Project("{FAE04EC0-301F-11D3-BF4B-00C04F79EFBC}") = "Csv", "Examples\Csv\Csv.csproj", "{BCD72187-2C62-4199-9873-6C5074CE2F74}"
EndProject
Global
	GlobalSection(SolutionConfigurationPlatforms) = preSolution
		Debug|Any CPU = Debug|Any CPU
		Release|Any CPU = Release|Any CPU
	EndGlobalSection
	GlobalSection(ProjectConfigurationPlatforms) = postSolution
		{832ED56A-E9C3-462C-AE3A-8E8C3B6B3FCD}.Debug|Any CPU.ActiveCfg = Debug|Any CPU
		{832ED56A-E9C3-462C-AE3A-8E8C3B6B3FCD}.Debug|Any CPU.Build.0 = Debug|Any CPU
		{832ED56A-E9C3-462C-AE3A-8E8C3B6B3FCD}.Release|Any CPU.ActiveCfg = Release|Any CPU
		{832ED56A-E9C3-462C-AE3A-8E8C3B6B3FCD}.Release|Any CPU.Build.0 = Release|Any CPU
		{49AB8441-F6E0-4C79-8ED6-9655F040BB9D}.Debug|Any CPU.ActiveCfg = Debug|Any CPU
		{49AB8441-F6E0-4C79-8ED6-9655F040BB9D}.Debug|Any CPU.Build.0 = Debug|Any CPU
		{49AB8441-F6E0-4C79-8ED6-9655F040BB9D}.Release|Any CPU.ActiveCfg = Release|Any CPU
		{49AB8441-F6E0-4C79-8ED6-9655F040BB9D}.Release|Any CPU.Build.0 = Release|Any CPU
		{25309087-0239-46F6-92E7-B695EEDE7B75}.Debug|Any CPU.ActiveCfg = Debug|Any CPU
		{25309087-0239-46F6-92E7-B695EEDE7B75}.Debug|Any CPU.Build.0 = Debug|Any CPU
		{25309087-0239-46F6-92E7-B695EEDE7B75}.Release|Any CPU.ActiveCfg = Release|Any CPU
		{25309087-0239-46F6-92E7-B695EEDE7B75}.Release|Any CPU.Build.0 = Release|Any CPU
		{DAF69528-FB94-4F68-9B7F-B40F53BF6107}.Debug|Any CPU.ActiveCfg = Debug|Any CPU
		{DAF69528-FB94-4F68-9B7F-B40F53BF6107}.Debug|Any CPU.Build.0 = Debug|Any CPU
		{DAF69528-FB94-4F68-9B7F-B40F53BF6107}.Release|Any CPU.ActiveCfg = Release|Any CPU
		{DAF69528-FB94-4F68-9B7F-B40F53BF6107}.Release|Any CPU.Build.0 = Release|Any CPU
		{A70811C0-8933-4311-9BFB-0EC1F0C2E4A6}.Debug|Any CPU.ActiveCfg = Debug|Any CPU
		{A70811C0-8933-4311-9BFB-0EC1F0C2E4A6}.Debug|Any CPU.Build.0 = Debug|Any CPU
		{A70811C0-8933-4311-9BFB-0EC1F0C2E4A6}.Release|Any CPU.ActiveCfg = Release|Any CPU
		{A70811C0-8933-4311-9BFB-0EC1F0C2E4A6}.Release|Any CPU.Build.0 = Release|Any CPU
		{BCD72187-2C62-4199-9873-6C5074CE2F74}.Debug|Any CPU.ActiveCfg = Debug|Any CPU
		{BCD72187-2C62-4199-9873-6C5074CE2F74}.Debug|Any CPU.Build.0 = Debug|Any CPU
		{BCD72187-2C62-4199-9873-6C5074CE2F74}.Release|Any CPU.ActiveCfg = Release|Any CPU
		{BCD72187-2C62-4199-9873-6C5074CE2F74}.Release|Any CPU.Build.0 = Release|Any CPU
	EndGlobalSection
	GlobalSection(SolutionProperties) = preSolution
		HideSolutionNode = FALSE
	EndGlobalSection
	GlobalSection(NestedProjects) = preSolution
		{25309087-0239-46F6-92E7-B695EEDE7B75} = {922363E4-03CA-40E0-B023-13C6395410B2}
		{DAF69528-FB94-4F68-9B7F-B40F53BF6107} = {922363E4-03CA-40E0-B023-13C6395410B2}
		{A70811C0-8933-4311-9BFB-0EC1F0C2E4A6} = {922363E4-03CA-40E0-B023-13C6395410B2}
		{BCD72187-2C62-4199-9873-6C5074CE2F74} = {922363E4-03CA-40E0-B023-13C6395410B2}
	EndGlobalSection
EndGlobal
